
Microsoft Visual Studio Solution File, Format Version 12.00
# Visual Studio Version 17
VisualStudioVersion = 17.4.33205.214
MinimumVisualStudioVersion = 10.0.40219.1
Project("{FAE04EC0-301F-11D3-BF4B-00C04F79EFBC}") = "WinFormsApp2", "WinFormsApp2\WinFormsApp2.csproj", "{10B08CF2-AFE3-4346-BA93-799FFF780B04}"
EndProject
Global
	GlobalSection(SolutionConfigurationPlatforms) = preSolution
		Debug|Any CPU = Debug|Any CPU
		Release|Any CPU = Release|Any CPU
	EndGlobalSection
	GlobalSection(ProjectConfigurationPlatforms) = postSolution
		{10B08CF2-AFE3-4346-BA93-799FFF780B04}.Debug|Any CPU.ActiveCfg = Debug|Any CPU
		{10B08CF2-AFE3-4346-BA93-799FFF780B04}.Debug|Any CPU.Build.0 = Debug|Any CPU
		{10B08CF2-AFE3-4346-BA93-799FFF780B04}.Release|Any CPU.ActiveCfg = Release|Any CPU
		{10B08CF2-AFE3-4346-BA93-799FFF780B04}.Release|Any CPU.Build.0 = Release|Any CPU
	EndGlobalSection
	GlobalSection(SolutionProperties) = preSolution
		HideSolutionNode = FALSE
	EndGlobalSection
	GlobalSection(ExtensibilityGlobals) = postSolution
		SolutionGuid = {72F7CEDF-1FCF-4E25-A433-B4B3273F4785}
	EndGlobalSection
EndGlobal
